<Solution>
  <Configurations>
    <Platform Name="x64" />
    <Platform Name="x86" />
  </Configurations>
  <Project Path="ProjectVI_AirplaneMachine/ProjectVI_AirplaneMachine.vcxproj" Id="d3aa858c-4a74-4291-9593-430e97992f19" />
  <Project Path="Server/Server.vcxproj" Id="d3ca5aed-8b9b-46e1-a17f-1df36def74b4" />
</Solution>
